
Microsoft Visual Studio Solution File, Format Version 12.00
# Visual Studio Version 16
VisualStudioVersion = 16.0.31410.357
MinimumVisualStudioVersion = 10.0.40219.1
Project("{FAE04EC0-301F-11D3-BF4B-00C04F79EFBC}") = "Tarea05_13", "Tarea05_13\Tarea05_13.csproj", "{AB223268-D29C-44E2-A207-3A119AC6DE95}"
EndProject
Global
	GlobalSection(SolutionConfigurationPlatforms) = preSolution
		Debug|Any CPU = Debug|Any CPU
		Release|Any CPU = Release|Any CPU
	EndGlobalSection
	GlobalSection(ProjectConfigurationPlatforms) = postSolution
		{AB223268-D29C-44E2-A207-3A119AC6DE95}.Debug|Any CPU.ActiveCfg = Debug|Any CPU
		{AB223268-D29C-44E2-A207-3A119AC6DE95}.Debug|Any CPU.Build.0 = Debug|Any CPU
		{AB223268-D29C-44E2-A207-3A119AC6DE95}.Release|Any CPU.ActiveCfg = Release|Any CPU
		{AB223268-D29C-44E2-A207-3A119AC6DE95}.Release|Any CPU.Build.0 = Release|Any CPU
	EndGlobalSection
	GlobalSection(SolutionProperties) = preSolution
		HideSolutionNode = FALSE
	EndGlobalSection
	GlobalSection(ExtensibilityGlobals) = postSolution
		SolutionGuid = {1281C81C-3009-4A33-A8A5-E750265ED1CD}
	EndGlobalSection
EndGlobal
